
Microsoft Visual Studio Solution File, Format Version 12.00
# Visual Studio 15
VisualStudioVersion = 15.0.27130.2003
MinimumVisualStudioVersion = 10.0.40219.1
Project("{9A19103F-16F7-4668-BE54-9A1E7A4F7556}") = "Threax.AspNetCore.UrlFix", "Threax.AspNetCore.UrlFix\Threax.AspNetCore.UrlFix.csproj", "{85CEC66B-60EA-4D90-B366-A1E8EEB92FC0}"
EndProject
Global
	GlobalSection(SolutionConfigurationPlatforms) = preSolution
		Debug|Any CPU = Debug|Any CPU
		Release|Any CPU = Release|Any CPU
	EndGlobalSection
	GlobalSection(ProjectConfigurationPlatforms) = postSolution
		{85CEC66B-60EA-4D90-B366-A1E8EEB92FC0}.Debug|Any CPU.ActiveCfg = Debug|Any CPU
		{85CEC66B-60EA-4D90-B366-A1E8EEB92FC0}.Debug|Any CPU.Build.0 = Debug|Any CPU
		{85CEC66B-60EA-4D90-B366-A1E8EEB92FC0}.Release|Any CPU.ActiveCfg = Release|Any CPU
		{85CEC66B-60EA-4D90-B366-A1E8EEB92FC0}.Release|Any CPU.Build.0 = Release|Any CPU
	EndGlobalSection
	GlobalSection(SolutionProperties) = preSolution
		HideSolutionNode = FALSE
	EndGlobalSection
	GlobalSection(ExtensibilityGlobals) = postSolution
		SolutionGuid = {F40F3C06-7641-4860-B49E-D8EF64DDAE64}
	EndGlobalSection
EndGlobal
